{
  "name": "test",
  "version": "1.0.0",
  "lockfileVersion": 1,
  "requires": true,
  "dependencies": {
    "@json-editor/json-editor": {
      "version": "1.2.1",
      "resolved": "https://registry.npmjs.org/@json-editor/json-editor/-/json-editor-1.2.1.tgz",
      "integrity": "sha512-4QOqj3ZmZ+10A43v0Cu2zLPbQcrJuGPa7cJ91APWEiEtCXGRAov/6IyCuPmeXfiWVk32WXI20qeXE10keHEmNw=="
    }
  }
}
